
Microsoft Visual Studio Solution File, Format Version 12.00
# Visual Studio Version 17
VisualStudioVersion = 17.4.33213.308
MinimumVisualStudioVersion = 10.0.40219.1
Project("{FAE04EC0-301F-11D3-BF4B-00C04F79EFBC}") = "nourhatem_522082", "nourhatem_522082\nourhatem_522082.csproj", "{549B88C3-C181-4723-96F4-4A65E39DA9D0}"
EndProject
Global
	GlobalSection(SolutionConfigurationPlatforms) = preSolution
		Debug|Any CPU = Debug|Any CPU
		Release|Any CPU = Release|Any CPU
	EndGlobalSection
	GlobalSection(ProjectConfigurationPlatforms) = postSolution
		{549B88C3-C181-4723-96F4-4A65E39DA9D0}.Debug|Any CPU.ActiveCfg = Debug|Any CPU
		{549B88C3-C181-4723-96F4-4A65E39DA9D0}.Debug|Any CPU.Build.0 = Debug|Any CPU
		{549B88C3-C181-4723-96F4-4A65E39DA9D0}.Release|Any CPU.ActiveCfg = Release|Any CPU
		{549B88C3-C181-4723-96F4-4A65E39DA9D0}.Release|Any CPU.Build.0 = Release|Any CPU
	EndGlobalSection
	GlobalSection(SolutionProperties) = preSolution
		HideSolutionNode = FALSE
	EndGlobalSection
	GlobalSection(ExtensibilityGlobals) = postSolution
		SolutionGuid = {B4B6A656-1920-40CB-B9CB-A38564811321}
	EndGlobalSection
EndGlobal
